
Microsoft Visual Studio Solution File, Format Version 12.00
Project("{FAE04EC0-301F-11D3-BF4B-00C04F79EFBC}") = "Main", "Main\Main.csproj", "{00BABAEC-A6C4-4100-A88E-1A2ED0B8BC89}"
EndProject
Project("{FAE04EC0-301F-11D3-BF4B-00C04F79EFBC}") = "Tests", "Tests\Tests.csproj", "{4869DA16-426D-4AAF-AF4D-2A9AF5883415}"
EndProject
Project("{FAE04EC0-301F-11D3-BF4B-00C04F79EFBC}") = "Benchmarks", "Benchmarks\Benchmarks.csproj", "{843BB3F4-EDFD-43FE-A4C7-FF7BF20DEC17}"
EndProject
Project("{FAE04EC0-301F-11D3-BF4B-00C04F79EFBC}") = "AdventOfCode", "AdventOfCode\AdventOfCode.csproj", "{C3B6E34B-3B77-41FF-B67E-B3DA822A1CCA}"
EndProject
Global
	GlobalSection(SolutionConfigurationPlatforms) = preSolution
		Debug|Any CPU = Debug|Any CPU
		Release|Any CPU = Release|Any CPU
	EndGlobalSection
	GlobalSection(ProjectConfigurationPlatforms) = postSolution
		{00BABAEC-A6C4-4100-A88E-1A2ED0B8BC89}.Debug|Any CPU.ActiveCfg = Debug|Any CPU
		{00BABAEC-A6C4-4100-A88E-1A2ED0B8BC89}.Debug|Any CPU.Build.0 = Debug|Any CPU
		{00BABAEC-A6C4-4100-A88E-1A2ED0B8BC89}.Release|Any CPU.ActiveCfg = Release|Any CPU
		{00BABAEC-A6C4-4100-A88E-1A2ED0B8BC89}.Release|Any CPU.Build.0 = Release|Any CPU
		{4869DA16-426D-4AAF-AF4D-2A9AF5883415}.Debug|Any CPU.ActiveCfg = Debug|Any CPU
		{4869DA16-426D-4AAF-AF4D-2A9AF5883415}.Debug|Any CPU.Build.0 = Debug|Any CPU
		{4869DA16-426D-4AAF-AF4D-2A9AF5883415}.Release|Any CPU.ActiveCfg = Release|Any CPU
		{4869DA16-426D-4AAF-AF4D-2A9AF5883415}.Release|Any CPU.Build.0 = Release|Any CPU
		{843BB3F4-EDFD-43FE-A4C7-FF7BF20DEC17}.Debug|Any CPU.ActiveCfg = Debug|Any CPU
		{843BB3F4-EDFD-43FE-A4C7-FF7BF20DEC17}.Debug|Any CPU.Build.0 = Debug|Any CPU
		{843BB3F4-EDFD-43FE-A4C7-FF7BF20DEC17}.Release|Any CPU.ActiveCfg = Release|Any CPU
		{843BB3F4-EDFD-43FE-A4C7-FF7BF20DEC17}.Release|Any CPU.Build.0 = Release|Any CPU
		{C3B6E34B-3B77-41FF-B67E-B3DA822A1CCA}.Debug|Any CPU.ActiveCfg = Debug|Any CPU
		{C3B6E34B-3B77-41FF-B67E-B3DA822A1CCA}.Debug|Any CPU.Build.0 = Debug|Any CPU
		{C3B6E34B-3B77-41FF-B67E-B3DA822A1CCA}.Release|Any CPU.ActiveCfg = Release|Any CPU
		{C3B6E34B-3B77-41FF-B67E-B3DA822A1CCA}.Release|Any CPU.Build.0 = Release|Any CPU
	EndGlobalSection
EndGlobal
